
Microsoft Visual Studio Solution File, Format Version 12.00
# Visual Studio Version 17
VisualStudioVersion = 17.1.32210.238
MinimumVisualStudioVersion = 10.0.40219.1
Project("{2150E333-8FDC-42A3-9474-1A3956D46DE8}") = "src", "src", "{3ABC1D0C-A273-413A-A5F9-4C70F2A722F3}"
EndProject
Project("{2150E333-8FDC-42A3-9474-1A3956D46DE8}") = "tests", "tests", "{6476B162-DF49-4FBC-89C5-2965FEC58890}"
EndProject
Project("{FAE04EC0-301F-11D3-BF4B-00C04F79EFBC}") = "BookStoreAPI", "src\BookStoreAPI\BookStoreAPI.csproj", "{73144345-B6CC-4223-827A-5A9A678CE7A9}"
EndProject
Project("{FAE04EC0-301F-11D3-BF4B-00C04F79EFBC}") = "BookStore.Domain", "src\BookStore.Domain\BookStore.Domain.csproj", "{FBAF05B8-4507-4163-964D-ED68B1630BF1}"
EndProject
Project("{FAE04EC0-301F-11D3-BF4B-00C04F79EFBC}") = "BookStore.Infrastructure", "src\BookStore.Infrastructure\BookStore.Infrastructure.csproj", "{7A10DB04-8EAC-4273-A04E-5B0C41F98FBB}"
EndProject
Global
	GlobalSection(SolutionConfigurationPlatforms) = preSolution
		Debug|Any CPU = Debug|Any CPU
		Release|Any CPU = Release|Any CPU
	EndGlobalSection
	GlobalSection(ProjectConfigurationPlatforms) = postSolution
		{73144345-B6CC-4223-827A-5A9A678CE7A9}.Debug|Any CPU.ActiveCfg = Debug|Any CPU
		{73144345-B6CC-4223-827A-5A9A678CE7A9}.Debug|Any CPU.Build.0 = Debug|Any CPU
		{73144345-B6CC-4223-827A-5A9A678CE7A9}.Release|Any CPU.ActiveCfg = Release|Any CPU
		{73144345-B6CC-4223-827A-5A9A678CE7A9}.Release|Any CPU.Build.0 = Release|Any CPU
		{FBAF05B8-4507-4163-964D-ED68B1630BF1}.Debug|Any CPU.ActiveCfg = Debug|Any CPU
		{FBAF05B8-4507-4163-964D-ED68B1630BF1}.Debug|Any CPU.Build.0 = Debug|Any CPU
		{FBAF05B8-4507-4163-964D-ED68B1630BF1}.Release|Any CPU.ActiveCfg = Release|Any CPU
		{FBAF05B8-4507-4163-964D-ED68B1630BF1}.Release|Any CPU.Build.0 = Release|Any CPU
		{7A10DB04-8EAC-4273-A04E-5B0C41F98FBB}.Debug|Any CPU.ActiveCfg = Debug|Any CPU
		{7A10DB04-8EAC-4273-A04E-5B0C41F98FBB}.Debug|Any CPU.Build.0 = Debug|Any CPU
		{7A10DB04-8EAC-4273-A04E-5B0C41F98FBB}.Release|Any CPU.ActiveCfg = Release|Any CPU
		{7A10DB04-8EAC-4273-A04E-5B0C41F98FBB}.Release|Any CPU.Build.0 = Release|Any CPU
	EndGlobalSection
	GlobalSection(SolutionProperties) = preSolution
		HideSolutionNode = FALSE
	EndGlobalSection
	GlobalSection(ExtensibilityGlobals) = postSolution
		SolutionGuid = {531603DF-5A1B-40E8-988D-5C3EE898DE84}
	EndGlobalSection
EndGlobal
